// !$*UTF8*$!
{
	archiveVersion = 1;
	classes = {
	};
	objectVersion = 46;
	objects = {

/* Begin PBXBuildFile section */
		389C87891E6375F7009268B7 /* AppDelegate.swift in Sources */ = {isa = PBXBuildFile; fileRef = 389C87881E6375F7009268B7 /* AppDelegate.swift */; };
		389C87911E6375F7009268B7 /* Tanoura.xcdatamodeld in Sources */ = {isa = PBXBuildFile; fileRef = 389C878F1E6375F7009268B7 /* Tanoura.xcdatamodeld */; };
		389C87931E6375F7009268B7 /* Assets.xcassets in Resources */ = {isa = PBXBuildFile; fileRef = 389C87921E6375F7009268B7 /* Assets.xcassets */; };
		389C87961E6375F7009268B7 /* LaunchScreen.storyboard in Resources */ = {isa = PBXBuildFile; fileRef = 389C87941E6375F7009268B7 /* LaunchScreen.storyboard */; };
		389C87A11E6375F7009268B7 /* TanouraTests.swift in Sources */ = {isa = PBXBuildFile; fileRef = 389C87A01E6375F7009268B7 /* TanouraTests.swift */; };
		389C87AC1E6375F7009268B7 /* TanouraUITests.swift in Sources */ = {isa = PBXBuildFile; fileRef = 389C87AB1E6375F7009268B7 /* TanouraUITests.swift */; };
		389C87BA1E6376CA009268B7 /* ApplicationCoordinator.swift in Sources */ = {isa = PBXBuildFile; fileRef = 389C87B91E6376CA009268B7 /* ApplicationCoordinator.swift */; };
		389C87BD1E6382A7009268B7 /* GenericTableViewController.swift in Sources */ = {isa = PBXBuildFile; fileRef = 389C87BC1E6382A7009268B7 /* GenericTableViewController.swift */; };
		389C87C21E638399009268B7 /* Playlist.swift in Sources */ = {isa = PBXBuildFile; fileRef = 389C87C11E638399009268B7 /* Playlist.swift */; };
		389C87C41E6383E8009268B7 /* Track.swift in Sources */ = {isa = PBXBuildFile; fileRef = 389C87C31E6383E8009268B7 /* Track.swift */; };
		389C87C61E63866E009268B7 /* Gradient.swift in Sources */ = {isa = PBXBuildFile; fileRef = 389C87C51E63866E009268B7 /* Gradient.swift */; };
		389C87C81E638679009268B7 /* Gradients.json in Resources */ = {isa = PBXBuildFile; fileRef = 389C87C71E638679009268B7 /* Gradients.json */; };
		389C87CA1E6386AF009268B7 /* MainViewController.swift in Sources */ = {isa = PBXBuildFile; fileRef = 389C87C91E6386AF009268B7 /* MainViewController.swift */; };
		389C87CE1E638713009268B7 /* AddTrackCollectionReusableView.swift in Sources */ = {isa = PBXBuildFile; fileRef = 389C87CB1E638713009268B7 /* AddTrackCollectionReusableView.swift */; };
		389C87CF1E638713009268B7 /* TanouraViewController.swift in Sources */ = {isa = PBXBuildFile; fileRef = 389C87CC1E638713009268B7 /* TanouraViewController.swift */; };
		389C87D01E638713009268B7 /* TrackCollectionViewCell.swift in Sources */ = {isa = PBXBuildFile; fileRef = 389C87CD1E638713009268B7 /* TrackCollectionViewCell.swift */; };
		389C87D41E6397B2009268B7 /* AudioEngine.swift in Sources */ = {isa = PBXBuildFile; fileRef = 389C87D31E6397B2009268B7 /* AudioEngine.swift */; };
		389C87D61E63AB49009268B7 /* MainCoordinator.swift in Sources */ = {isa = PBXBuildFile; fileRef = 389C87D51E63AB49009268B7 /* MainCoordinator.swift */; };
		389C87D81E63AB99009268B7 /* PlaylistsCoordinator.swift in Sources */ = {isa = PBXBuildFile; fileRef = 389C87D71E63AB99009268B7 /* PlaylistsCoordinator.swift */; };
		389C87DA1E63ABCB009268B7 /* TracksCoordinator.swift in Sources */ = {isa = PBXBuildFile; fileRef = 389C87D91E63ABCB009268B7 /* TracksCoordinator.swift */; };
		3FA137891E0767285F0A3598 /* Pods_TanouraTests.framework in Frameworks */ = {isa = PBXBuildFile; fileRef = 1FE5B95D1582085541EA68C3 /* Pods_TanouraTests.framework */; };
		A24718DDD8507F3B7A9327A1 /* Pods_Tanoura.framework in Frameworks */ = {isa = PBXBuildFile; fileRef = A37AF0AB2F16CAA78AB237BB /* Pods_Tanoura.framework */; };
		C70AE68D3D08A1F7B1B0454C /* Pods_TanouraUITests.framework in Frameworks */ = {isa = PBXBuildFile; fileRef = 6941B4A8D238E6A32462A8E8 /* Pods_TanouraUITests.framework */; };
/* End PBXBuildFile section */

/* Begin PBXContainerItemProxy section */
		389C879D1E6375F7009268B7 /* PBXContainerItemProxy */ = {
			isa = PBXContainerItemProxy;
			containerPortal = 389C877D1E6375F7009268B7 /* Project object */;
			proxyType = 1;
			remoteGlobalIDString = 389C87841E6375F7009268B7;
			remoteInfo = Tanoura;
		};
		389C87A81E6375F7009268B7 /* PBXContainerItemProxy */ = {
			isa = PBXContainerItemProxy;
			containerPortal = 389C877D1E6375F7009268B7 /* Project object */;
			proxyType = 1;
			remoteGlobalIDString = 389C87841E6375F7009268B7;
			remoteInfo = Tanoura;
		};
/* End PBXContainerItemProxy section */

/* Begin PBXFileReference section */
		1FE5B95D1582085541EA68C3 /* Pods_TanouraTests.framework */ = {isa = PBXFileReference; explicitFileType = wrapper.framework; includeInIndex = 0; path = Pods_TanouraTests.framework; sourceTree = BUILT_PRODUCTS_DIR; };
		389C87851E6375F7009268B7 /* Tanoura.app */ = {isa = PBXFileReference; explicitFileType = wrapper.application; includeInIndex = 0; path = Tanoura.app; sourceTree = BUILT_PRODUCTS_DIR; };
		389C87881E6375F7009268B7 /* AppDelegate.swift */ = {isa = PBXFileReference; lastKnownFileType = sourcecode.swift; path = AppDelegate.swift; sourceTree = "<group>"; };
		389C87901E6375F7009268B7 /* Tanoura.xcdatamodel */ = {isa = PBXFileReference; lastKnownFileType = wrapper.xcdatamodel; path = Tanoura.xcdatamodel; sourceTree = "<group>"; };
		389C87921E6375F7009268B7 /* Assets.xcassets */ = {isa = PBXFileReference; lastKnownFileType = folder.assetcatalog; path = Assets.xcassets; sourceTree = "<group>"; };
		389C87951E6375F7009268B7 /* Base */ = {isa = PBXFileReference; lastKnownFileType = file.storyboard; name = Base; path = Base.lproj/LaunchScreen.storyboard; sourceTree = "<group>"; };
		389C87971E6375F7009268B7 /* Info.plist */ = {isa = PBXFileReference; lastKnownFileType = text.plist.xml; path = Info.plist; sourceTree = "<group>"; };
		389C879C1E6375F7009268B7 /* TanouraTests.xctest */ = {isa = PBXFileReference; explicitFileType = wrapper.cfbundle; includeInIndex = 0; path = TanouraTests.xctest; sourceTree = BUILT_PRODUCTS_DIR; };
		389C87A01E6375F7009268B7 /* TanouraTests.swift */ = {isa = PBXFileReference; lastKnownFileType = sourcecode.swift; path = TanouraTests.swift; sourceTree = "<group>"; };
		389C87A21E6375F7009268B7 /* Info.plist */ = {isa = PBXFileReference; lastKnownFileType = text.plist.xml; path = Info.plist; sourceTree = "<group>"; };
		389C87A71E6375F7009268B7 /* TanouraUITests.xctest */ = {isa = PBXFileReference; explicitFileType = wrapper.cfbundle; includeInIndex = 0; path = TanouraUITests.xctest; sourceTree = BUILT_PRODUCTS_DIR; };
		389C87AB1E6375F7009268B7 /* TanouraUITests.swift */ = {isa = PBXFileReference; lastKnownFileType = sourcecode.swift; path = TanouraUITests.swift; sourceTree = "<group>"; };
		389C87AD1E6375F7009268B7 /* Info.plist */ = {isa = PBXFileReference; lastKnownFileType = text.plist.xml; path = Info.plist; sourceTree = "<group>"; };
		389C87B91E6376CA009268B7 /* ApplicationCoordinator.swift */ = {isa = PBXFileReference; fileEncoding = 4; lastKnownFileType = sourcecode.swift; path = ApplicationCoordinator.swift; sourceTree = "<group>"; };
		389C87BC1E6382A7009268B7 /* GenericTableViewController.swift */ = {isa = PBXFileReference; fileEncoding = 4; lastKnownFileType = sourcecode.swift; path = GenericTableViewController.swift; sourceTree = "<group>"; };
		389C87C11E638399009268B7 /* Playlist.swift */ = {isa = PBXFileReference; fileEncoding = 4; lastKnownFileType = sourcecode.swift; path = Playlist.swift; sourceTree = "<group>"; };
		389C87C31E6383E8009268B7 /* Track.swift */ = {isa = PBXFileReference; fileEncoding = 4; lastKnownFileType = sourcecode.swift; path = Track.swift; sourceTree = "<group>"; };
		389C87C51E63866E009268B7 /* Gradient.swift */ = {isa = PBXFileReference; fileEncoding = 4; lastKnownFileType = sourcecode.swift; path = Gradient.swift; sourceTree = "<group>"; };
		389C87C71E638679009268B7 /* Gradients.json */ = {isa = PBXFileReference; fileEncoding = 4; lastKnownFileType = text.json; path = Gradients.json; sourceTree = "<group>"; };
		389C87C91E6386AF009268B7 /* MainViewController.swift */ = {isa = PBXFileReference; fileEncoding = 4; lastKnownFileType = sourcecode.swift; path = MainViewController.swift; sourceTree = "<group>"; };
		389C87CB1E638713009268B7 /* AddTrackCollectionReusableView.swift */ = {isa = PBXFileReference; fileEncoding = 4; lastKnownFileType = sourcecode.swift; path = AddTrackCollectionReusableView.swift; sourceTree = "<group>"; };
		389C87CC1E638713009268B7 /* TanouraViewController.swift */ = {isa = PBXFileReference; fileEncoding = 4; lastKnownFileType = sourcecode.swift; path = TanouraViewController.swift; sourceTree = "<group>"; };
		389C87CD1E638713009268B7 /* TrackCollectionViewCell.swift */ = {isa = PBXFileReference; fileEncoding = 4; lastKnownFileType = sourcecode.swift; path = TrackCollectionViewCell.swift; sourceTree = "<group>"; };
		389C87D31E6397B2009268B7 /* AudioEngine.swift */ = {isa = PBXFileReference; fileEncoding = 4; lastKnownFileType = sourcecode.swift; path = AudioEngine.swift; sourceTree = "<group>"; };
		389C87D51E63AB49009268B7 /* MainCoordinator.swift */ = {isa = PBXFileReference; fileEncoding = 4; lastKnownFileType = sourcecode.swift; path = MainCoordinator.swift; sourceTree = "<group>"; };
		389C87D71E63AB99009268B7 /* PlaylistsCoordinator.swift */ = {isa = PBXFileReference; fileEncoding = 4; lastKnownFileType = sourcecode.swift; path = PlaylistsCoordinator.swift; sourceTree = "<group>"; };
		389C87D91E63ABCB009268B7 /* TracksCoordinator.swift */ = {isa = PBXFileReference; fileEncoding = 4; lastKnownFileType = sourcecode.swift; path = TracksCoordinator.swift; sourceTree = "<group>"; };
		5A917976E08D80C1AB0A9D4D /* Pods-TanouraTests.debug.xcconfig */ = {isa = PBXFileReference; includeInIndex = 1; lastKnownFileType = text.xcconfig; name = "Pods-TanouraTests.debug.xcconfig"; path = "Pods/Target Support Files/Pods-TanouraTests/Pods-TanouraTests.debug.xcconfig"; sourceTree = "<group>"; };
		6941B4A8D238E6A32462A8E8 /* Pods_TanouraUITests.framework */ = {isa = PBXFileReference; explicitFileType = wrapper.framework; includeInIndex = 0; path = Pods_TanouraUITests.framework; sourceTree = BUILT_PRODUCTS_DIR; };
		6D20EF47655F0C88AF9A52D3 /* Pods-Tanoura.release.xcconfig */ = {isa = PBXFileReference; includeInIndex = 1; lastKnownFileType = text.xcconfig; name = "Pods-Tanoura.release.xcconfig"; path = "Pods/Target Support Files/Pods-Tanoura/Pods-Tanoura.release.xcconfig"; sourceTree = "<group>"; };
		7E0094AEAD2A88BFD88A5C16 /* Pods-TanouraTests.release.xcconfig */ = {isa = PBXFileReference; includeInIndex = 1; lastKnownFileType = text.xcconfig; name = "Pods-TanouraTests.release.xcconfig"; path = "Pods/Target Support Files/Pods-TanouraTests/Pods-TanouraTests.release.xcconfig"; sourceTree = "<group>"; };
		A37AF0AB2F16CAA78AB237BB /* Pods_Tanoura.framework */ = {isa = PBXFileReference; explicitFileType = wrapper.framework; includeInIndex = 0; path = Pods_Tanoura.framework; sourceTree = BUILT_PRODUCTS_DIR; };
		C2ED35E2DD10E7A77E87738D /* Pods-TanouraUITests.debug.xcconfig */ = {isa = PBXFileReference; includeInIndex = 1; lastKnownFileType = text.xcconfig; name = "Pods-TanouraUITests.debug.xcconfig"; path = "Pods/Target Support Files/Pods-TanouraUITests/Pods-TanouraUITests.debug.xcconfig"; sourceTree = "<group>"; };
		E969DCAF9A83CC324227E1EE /* Pods-TanouraUITests.release.xcconfig */ = {isa = PBXFileReference; includeInIndex = 1; lastKnownFileType = text.xcconfig; name = "Pods-TanouraUITests.release.xcconfig"; path = "Pods/Target Support Files/Pods-TanouraUITests/Pods-TanouraUITests.release.xcconfig"; sourceTree = "<group>"; };
		FFDE376DB0F78B5D035DD6A2 /* Pods-Tanoura.debug.xcconfig */ = {isa = PBXFileReference; includeInIndex = 1; lastKnownFileType = text.xcconfig; name = "Pods-Tanoura.debug.xcconfig"; path = "Pods/Target Support Files/Pods-Tanoura/Pods-Tanoura.debug.xcconfig"; sourceTree = "<group>"; };
/* End PBXFileReference section */

/* Begin PBXFrameworksBuildPhase section */
		389C87821E6375F7009268B7 /* Frameworks */ = {
			isa = PBXFrameworksBuildPhase;
			buildActionMask = 2147483647;
			files = (
				A24718DDD8507F3B7A9327A1 /* Pods_Tanoura.framework in Frameworks */,
			);
			runOnlyForDeploymentPostprocessing = 0;
		};
		389C87991E6375F7009268B7 /* Frameworks */ = {
			isa = PBXFrameworksBuildPhase;
			buildActionMask = 2147483647;
			files = (
				3FA137891E0767285F0A3598 /* Pods_TanouraTests.framework in Frameworks */,
			);
			runOnlyForDeploymentPostprocessing = 0;
		};
		389C87A41E6375F7009268B7 /* Frameworks */ = {
			isa = PBXFrameworksBuildPhase;
			buildActionMask = 2147483647;
			files = (
				C70AE68D3D08A1F7B1B0454C /* Pods_TanouraUITests.framework in Frameworks */,
			);
			runOnlyForDeploymentPostprocessing = 0;
		};
/* End PBXFrameworksBuildPhase section */

/* Begin PBXGroup section */
		389C877C1E6375F7009268B7 = {
			isa = PBXGroup;
			children = (
				389C87871E6375F7009268B7 /* Tanoura */,
				389C879F1E6375F7009268B7 /* TanouraTests */,
				389C87AA1E6375F7009268B7 /* TanouraUITests */,
				389C87861E6375F7009268B7 /* Products */,
				BF7889DA32B66AD4339F3308 /* Pods */,
				A0D0C4875120E3815E2F8AF6 /* Frameworks */,
			);
			sourceTree = "<group>";
		};
		389C87861E6375F7009268B7 /* Products */ = {
			isa = PBXGroup;
			children = (
				389C87851E6375F7009268B7 /* Tanoura.app */,
				389C879C1E6375F7009268B7 /* TanouraTests.xctest */,
				389C87A71E6375F7009268B7 /* TanouraUITests.xctest */,
			);
			name = Products;
			sourceTree = "<group>";
		};
		389C87871E6375F7009268B7 /* Tanoura */ = {
			isa = PBXGroup;
			children = (
				389C87D21E638743009268B7 /* Views */,
				389C87C01E63837E009268B7 /* Models */,
				389C87D11E638719009268B7 /* Controllers */,
				389C87BB1E637745009268B7 /* Coordinators */,
				389C87881E6375F7009268B7 /* AppDelegate.swift */,
				389C87D31E6397B2009268B7 /* AudioEngine.swift */,
				389C87921E6375F7009268B7 /* Assets.xcassets */,
				389C87941E6375F7009268B7 /* LaunchScreen.storyboard */,
				389C87C71E638679009268B7 /* Gradients.json */,
				389C87971E6375F7009268B7 /* Info.plist */,
				389C878F1E6375F7009268B7 /* Tanoura.xcdatamodeld */,
			);
			path = Tanoura;
			sourceTree = "<group>";
		};
		389C879F1E6375F7009268B7 /* TanouraTests */ = {
			isa = PBXGroup;
			children = (
				389C87A01E6375F7009268B7 /* TanouraTests.swift */,
				389C87A21E6375F7009268B7 /* Info.plist */,
			);
			path = TanouraTests;
			sourceTree = "<group>";
		};
		389C87AA1E6375F7009268B7 /* TanouraUITests */ = {
			isa = PBXGroup;
			children = (
				389C87AB1E6375F7009268B7 /* TanouraUITests.swift */,
				389C87AD1E6375F7009268B7 /* Info.plist */,
			);
			path = TanouraUITests;
			sourceTree = "<group>";
		};
		389C87BB1E637745009268B7 /* Coordinators */ = {
			isa = PBXGroup;
			children = (
				389C87B91E6376CA009268B7 /* ApplicationCoordinator.swift */,
				389C87D51E63AB49009268B7 /* MainCoordinator.swift */,
				389C87D71E63AB99009268B7 /* PlaylistsCoordinator.swift */,
				389C87D91E63ABCB009268B7 /* TracksCoordinator.swift */,
			);
			name = Coordinators;
			sourceTree = "<group>";
		};
		389C87C01E63837E009268B7 /* Models */ = {
			isa = PBXGroup;
			children = (
				389C87C11E638399009268B7 /* Playlist.swift */,
				389C87C31E6383E8009268B7 /* Track.swift */,
				389C87C51E63866E009268B7 /* Gradient.swift */,
			);
			name = Models;
			sourceTree = "<group>";
		};
		389C87D11E638719009268B7 /* Controllers */ = {
			isa = PBXGroup;
			children = (
				389C87BC1E6382A7009268B7 /* GenericTableViewController.swift */,
				389C87C91E6386AF009268B7 /* MainViewController.swift */,
				389C87CC1E638713009268B7 /* TanouraViewController.swift */,
			);
			name = Controllers;
			sourceTree = "<group>";
		};
		389C87D21E638743009268B7 /* Views */ = {
			isa = PBXGroup;
			children = (
				389C87CB1E638713009268B7 /* AddTrackCollectionReusableView.swift */,
				389C87CD1E638713009268B7 /* TrackCollectionViewCell.swift */,
			);
			name = Views;
			sourceTree = "<group>";
		};
		A0D0C4875120E3815E2F8AF6 /* Frameworks */ = {
			isa = PBXGroup;
			children = (
				A37AF0AB2F16CAA78AB237BB /* Pods_Tanoura.framework */,
				1FE5B95D1582085541EA68C3 /* Pods_TanouraTests.framework */,
				6941B4A8D238E6A32462A8E8 /* Pods_TanouraUITests.framework */,
			);
			name = Frameworks;
			sourceTree = "<group>";
		};
		BF7889DA32B66AD4339F3308 /* Pods */ = {
			isa = PBXGroup;
			children = (
				FFDE376DB0F78B5D035DD6A2 /* Pods-Tanoura.debug.xcconfig */,
				6D20EF47655F0C88AF9A52D3 /* Pods-Tanoura.release.xcconfig */,
				5A917976E08D80C1AB0A9D4D /* Pods-TanouraTests.debug.xcconfig */,
				7E0094AEAD2A88BFD88A5C16 /* Pods-TanouraTests.release.xcconfig */,
				C2ED35E2DD10E7A77E87738D /* Pods-TanouraUITests.debug.xcconfig */,
				E969DCAF9A83CC324227E1EE /* Pods-TanouraUITests.release.xcconfig */,
			);
			name = Pods;
			sourceTree = "<group>";
		};
/* End PBXGroup section */

/* Begin PBXNativeTarget section */
		389C87841E6375F7009268B7 /* Tanoura */ = {
			isa = PBXNativeTarget;
			buildConfigurationList = 389C87B01E6375F7009268B7 /* Build configuration list for PBXNativeTarget "Tanoura" */;
			buildPhases = (
				602D190BAD0F8953288B88EB /* [CP] Check Pods Manifest.lock */,
				389C87811E6375F7009268B7 /* Sources */,
				389C87821E6375F7009268B7 /* Frameworks */,
				389C87831E6375F7009268B7 /* Resources */,
				BD195F42E2F36BCBFFAE14B4 /* [CP] Embed Pods Frameworks */,
				C7309F16485B8DCF83D4B1A9 /* [CP] Copy Pods Resources */,
			);
			buildRules = (
			);
			dependencies = (
			);
			name = Tanoura;
			productName = Tanoura;
			productReference = 389C87851E6375F7009268B7 /* Tanoura.app */;
			productType = "com.apple.product-type.application";
		};
		389C879B1E6375F7009268B7 /* TanouraTests */ = {
			isa = PBXNativeTarget;
			buildConfigurationList = 389C87B31E6375F7009268B7 /* Build configuration list for PBXNativeTarget "TanouraTests" */;
			buildPhases = (
				D4B7EADCE1CBDE10A01868C5 /* [CP] Check Pods Manifest.lock */,
				389C87981E6375F7009268B7 /* Sources */,
				389C87991E6375F7009268B7 /* Frameworks */,
				389C879A1E6375F7009268B7 /* Resources */,
				D55ED347BDFFC61EAEA49079 /* [CP] Embed Pods Frameworks */,
				8517E7AF328C213DE801C5C3 /* [CP] Copy Pods Resources */,
			);
			buildRules = (
			);
			dependencies = (
				389C879E1E6375F7009268B7 /* PBXTargetDependency */,
			);
			name = TanouraTests;
			productName = TanouraTests;
			productReference = 389C879C1E6375F7009268B7 /* TanouraTests.xctest */;
			productType = "com.apple.product-type.bundle.unit-test";
		};
		389C87A61E6375F7009268B7 /* TanouraUITests */ = {
			isa = PBXNativeTarget;
			buildConfigurationList = 389C87B61E6375F7009268B7 /* Build configuration list for PBXNativeTarget "TanouraUITests" */;
			buildPhases = (
				274670DAF98B6891FEC99008 /* [CP] Check Pods Manifest.lock */,
				389C87A31E6375F7009268B7 /* Sources */,
				389C87A41E6375F7009268B7 /* Frameworks */,
				389C87A51E6375F7009268B7 /* Resources */,
				5230CB7380EC2B52816205FF /* [CP] Embed Pods Frameworks */,
				E5BF728D8E659F381790E331 /* [CP] Copy Pods Resources */,
			);
			buildRules = (
			);
			dependencies = (
				389C87A91E6375F7009268B7 /* PBXTargetDependency */,
			);
			name = TanouraUITests;
			productName = TanouraUITests;
			productReference = 389C87A71E6375F7009268B7 /* TanouraUITests.xctest */;
			productType = "com.apple.product-type.bundle.ui-testing";
		};
/* End PBXNativeTarget section */

/* Begin PBXProject section */
		389C877D1E6375F7009268B7 /* Project object */ = {
			isa = PBXProject;
			attributes = {
				LastSwiftUpdateCheck = 0820;
				LastUpgradeCheck = 0820;
				ORGANIZATIONNAME = NSMohamedElalfy;
				TargetAttributes = {
					389C87841E6375F7009268B7 = {
						CreatedOnToolsVersion = 8.2.1;
						DevelopmentTeam = 7CD55P55JM;
						ProvisioningStyle = Automatic;
					};
					389C879B1E6375F7009268B7 = {
						CreatedOnToolsVersion = 8.2.1;
						DevelopmentTeam = 7CD55P55JM;
						ProvisioningStyle = Automatic;
						TestTargetID = 389C87841E6375F7009268B7;
					};
					389C87A61E6375F7009268B7 = {
						CreatedOnToolsVersion = 8.2.1;
						DevelopmentTeam = 7CD55P55JM;
						ProvisioningStyle = Automatic;
						TestTargetID = 389C87841E6375F7009268B7;
					};
				};
			};
			buildConfigurationList = 389C87801E6375F7009268B7 /* Build configuration list for PBXProject "Tanoura" */;
			compatibilityVersion = "Xcode 3.2";
			developmentRegion = English;
			hasScannedForEncodings = 0;
			knownRegions = (
				en,
				Base,
			);
			mainGroup = 389C877C1E6375F7009268B7;
			productRefGroup = 389C87861E6375F7009268B7 /* Products */;
			projectDirPath = "";
			projectRoot = "";
			targets = (
				389C87841E6375F7009268B7 /* Tanoura */,
				389C879B1E6375F7009268B7 /* TanouraTests */,
				389C87A61E6375F7009268B7 /* TanouraUITests */,
			);
		};
/* End PBXProject section */

/* Begin PBXResourcesBuildPhase section */
		389C87831E6375F7009268B7 /* Resources */ = {
			isa = PBXResourcesBuildPhase;
			buildActionMask = 2147483647;
			files = (
				389C87C81E638679009268B7 /* Gradients.json in Resources */,
				389C87961E6375F7009268B7 /* LaunchScreen.storyboard in Resources */,
				389C87931E6375F7009268B7 /* Assets.xcassets in Resources */,
			);
			runOnlyForDeploymentPostprocessing = 0;
		};
		389C879A1E6375F7009268B7 /* Resources */ = {
			isa = PBXResourcesBuildPhase;
			buildActionMask = 2147483647;
			files = (
			);
			runOnlyForDeploymentPostprocessing = 0;
		};
		389C87A51E6375F7009268B7 /* Resources */ = {
			isa = PBXResourcesBuildPhase;
			buildActionMask = 2147483647;
			files = (
			);
			runOnlyForDeploymentPostprocessing = 0;
		};
/* End PBXResourcesBuildPhase section */

/* Begin PBXShellScriptBuildPhase section */
		274670DAF98B6891FEC99008 /* [CP] Check Pods Manifest.lock */ = {
			isa = PBXShellScriptBuildPhase;
			buildActionMask = 2147483647;
			files = (
			);
			inputPaths = (
			);
			name = "[CP] Check Pods Manifest.lock";
			outputPaths = (
			);
			runOnlyForDeploymentPostprocessing = 0;
			shellPath = /bin/sh;
			shellScript = "diff \"${PODS_ROOT}/../Podfile.lock\" \"${PODS_ROOT}/Manifest.lock\" > /dev/null\nif [ $? != 0 ] ; then\n    # print error to STDERR\n    echo \"error: The sandbox is not in sync with the Podfile.lock. Run 'pod install' or update your CocoaPods installation.\" >&2\n    exit 1\nfi\n";
			showEnvVarsInLog = 0;
		};
		5230CB7380EC2B52816205FF /* [CP] Embed Pods Frameworks */ = {
			isa = PBXShellScriptBuildPhase;
			buildActionMask = 2147483647;
			files = (
			);
			inputPaths = (
			);
			name = "[CP] Embed Pods Frameworks";
			outputPaths = (
			);
			runOnlyForDeploymentPostprocessing = 0;
			shellPath = /bin/sh;
			shellScript = "\"${SRCROOT}/Pods/Target Support Files/Pods-TanouraUITests/Pods-TanouraUITests-frameworks.sh\"\n";
			showEnvVarsInLog = 0;
		};
		602D190BAD0F8953288B88EB /* [CP] Check Pods Manifest.lock */ = {
			isa = PBXShellScriptBuildPhase;
			buildActionMask = 2147483647;
			files = (
			);
			inputPaths = (
			);
			name = "[CP] Check Pods Manifest.lock";
			outputPaths = (
			);
			runOnlyForDeploymentPostprocessing = 0;
			shellPath = /bin/sh;
			shellScript = "diff \"${PODS_ROOT}/../Podfile.lock\" \"${PODS_ROOT}/Manifest.lock\" > /dev/null\nif [ $? != 0 ] ; then\n    # print error to STDERR\n    echo \"error: The sandbox is not in sync with the Podfile.lock. Run 'pod install' or update your CocoaPods installation.\" >&2\n    exit 1\nfi\n";
			showEnvVarsInLog = 0;
		};
		8517E7AF328C213DE801C5C3 /* [CP] Copy Pods Resources */ = {
			isa = PBXShellScriptBuildPhase;
			buildActionMask = 2147483647;
			files = (
			);
			inputPaths = (
			);
			name = "[CP] Copy Pods Resources";
			outputPaths = (
			);
			runOnlyForDeploymentPostprocessing = 0;
			shellPath = /bin/sh;
			shellScript = "\"${SRCROOT}/Pods/Target Support Files/Pods-TanouraTests/Pods-TanouraTests-resources.sh\"\n";
			showEnvVarsInLog = 0;
		};
		BD195F42E2F36BCBFFAE14B4 /* [CP] Embed Pods Frameworks */ = {
			isa = PBXShellScriptBuildPhase;
			buildActionMask = 2147483647;
			files = (
			);
			inputPaths = (
			);
			name = "[CP] Embed Pods Frameworks";
			outputPaths = (
			);
			runOnlyForDeploymentPostprocessing = 0;
			shellPath = /bin/sh;
			shellScript = "\"${SRCROOT}/Pods/Target Support Files/Pods-Tanoura/Pods-Tanoura-frameworks.sh\"\n";
			showEnvVarsInLog = 0;
		};
		C7309F16485B8DCF83D4B1A9 /* [CP] Copy Pods Resources */ = {
			isa = PBXShellScriptBuildPhase;
			buildActionMask = 2147483647;
			files = (
			);
			inputPaths = (
			);
			name = "[CP] Copy Pods Resources";
			outputPaths = (
			);
			runOnlyForDeploymentPostprocessing = 0;
			shellPath = /bin/sh;
			shellScript = "\"${SRCROOT}/Pods/Target Support Files/Pods-Tanoura/Pods-Tanoura-resources.sh\"\n";
			showEnvVarsInLog = 0;
		};
		D4B7EADCE1CBDE10A01868C5 /* [CP] Check Pods Manifest.lock */ = {
			isa = PBXShellScriptBuildPhase;
			buildActionMask = 2147483647;
			files = (
			);
			inputPaths = (
			);
			name = "[CP] Check Pods Manifest.lock";
			outputPaths = (
			);
			runOnlyForDeploymentPostprocessing = 0;
			shellPath = /bin/sh;
			shellScript = "diff \"${PODS_ROOT}/../Podfile.lock\" \"${PODS_ROOT}/Manifest.lock\" > /dev/null\nif [ $? != 0 ] ; then\n    # print error to STDERR\n    echo \"error: The sandbox is not in sync with the Podfile.lock. Run 'pod install' or update your CocoaPods installation.\" >&2\n    exit 1\nfi\n";
			showEnvVarsInLog = 0;
		};
		D55ED347BDFFC61EAEA49079 /* [CP] Embed Pods Frameworks */ = {
			isa = PBXShellScriptBuildPhase;
			buildActionMask = 2147483647;
			files = (
			);
			inputPaths = (
			);
			name = "[CP] Embed Pods Frameworks";
			outputPaths = (
			);
			runOnlyForDeploymentPostprocessing = 0;
			shellPath = /bin/sh;
			shellScript = "\"${SRCROOT}/Pods/Target Support Files/Pods-TanouraTests/Pods-TanouraTests-frameworks.sh\"\n";
			showEnvVarsInLog = 0;
		};
		E5BF728D8E659F381790E331 /* [CP] Copy Pods Resources */ = {
			isa = PBXShellScriptBuildPhase;
			buildActionMask = 2147483647;
			files = (
			);
			inputPaths = (
			);
			name = "[CP] Copy Pods Resources";
			outputPaths = (
			);
			runOnlyForDeploymentPostprocessing = 0;
			shellPath = /bin/sh;
			shellScript = "\"${SRCROOT}/Pods/Target Support Files/Pods-TanouraUITests/Pods-TanouraUITests-resources.sh\"\n";
			showEnvVarsInLog = 0;
		};
/* End PBXShellScriptBuildPhase section */

/* Begin PBXSourcesBuildPhase section */
		389C87811E6375F7009268B7 /* Sources */ = {
			isa = PBXSourcesBuildPhase;
			buildActionMask = 2147483647;
			files = (
				389C87D41E6397B2009268B7 /* AudioEngine.swift in Sources */,
				389C87911E6375F7009268B7 /* Tanoura.xcdatamodeld in Sources */,
				389C87D81E63AB99009268B7 /* PlaylistsCoordinator.swift in Sources */,
				389C87891E6375F7009268B7 /* AppDelegate.swift in Sources */,
				389C87BD1E6382A7009268B7 /* GenericTableViewController.swift in Sources */,
				389C87D01E638713009268B7 /* TrackCollectionViewCell.swift in Sources */,
				389C87BA1E6376CA009268B7 /* ApplicationCoordinator.swift in Sources */,
				389C87CF1E638713009268B7 /* TanouraViewController.swift in Sources */,
				389C87CE1E638713009268B7 /* AddTrackCollectionReusableView.swift in Sources */,
				389C87C21E638399009268B7 /* Playlist.swift in Sources */,
				389C87DA1E63ABCB009268B7 /* TracksCoordinator.swift in Sources */,
				389C87CA1E6386AF009268B7 /* MainViewController.swift in Sources */,
				389C87D61E63AB49009268B7 /* MainCoordinator.swift in Sources */,
				389C87C41E6383E8009268B7 /* Track.swift in Sources */,
				389C87C61E63866E009268B7 /* Gradient.swift in Sources */,
			);
			runOnlyForDeploymentPostprocessing = 0;
		};
		389C87981E6375F7009268B7 /* Sources */ = {
			isa = PBXSourcesBuildPhase;
			buildActionMask = 2147483647;
			files = (
				389C87A11E6375F7009268B7 /* TanouraTests.swift in Sources */,
			);
			runOnlyForDeploymentPostprocessing = 0;
		};
		389C87A31E6375F7009268B7 /* Sources */ = {
			isa = PBXSourcesBuildPhase;
			buildActionMask = 2147483647;
			files = (
				389C87AC1E6375F7009268B7 /* TanouraUITests.swift in Sources */,
			);
			runOnlyForDeploymentPostprocessing = 0;
		};
/* End PBXSourcesBuildPhase section */

/* Begin PBXTargetDependency section */
		389C879E1E6375F7009268B7 /* PBXTargetDependency */ = {
			isa = PBXTargetDependency;
			target = 389C87841E6375F7009268B7 /* Tanoura */;
			targetProxy = 389C879D1E6375F7009268B7 /* PBXContainerItemProxy */;
		};
		389C87A91E6375F7009268B7 /* PBXTargetDependency */ = {
			isa = PBXTargetDependency;
			target = 389C87841E6375F7009268B7 /* Tanoura */;
			targetProxy = 389C87A81E6375F7009268B7 /* PBXContainerItemProxy */;
		};
/* End PBXTargetDependency section */

/* Begin PBXVariantGroup section */
		389C87941E6375F7009268B7 /* LaunchScreen.storyboard */ = {
			isa = PBXVariantGroup;
			children = (
				389C87951E6375F7009268B7 /* Base */,
			);
			name = LaunchScreen.storyboard;
			sourceTree = "<group>";
		};
/* End PBXVariantGroup section */

/* Begin XCBuildConfiguration section */
		389C87AE1E6375F7009268B7 /* Debug */ = {
			isa = XCBuildConfiguration;
			buildSettings = {
				ALWAYS_SEARCH_USER_PATHS = NO;
				CLANG_ANALYZER_NONNULL = YES;
				CLANG_CXX_LANGUAGE_STANDARD = "gnu++0x";
				CLANG_CXX_LIBRARY = "libc++";
				CLANG_ENABLE_MODULES = YES;
				CLANG_ENABLE_OBJC_ARC = YES;
				CLANG_WARN_BOOL_CONVERSION = YES;
				CLANG_WARN_CONSTANT_CONVERSION = YES;
				CLANG_WARN_DIRECT_OBJC_ISA_USAGE = YES_ERROR;
				CLANG_WARN_DOCUMENTATION_COMMENTS = YES;
				CLANG_WARN_EMPTY_BODY = YES;
				CLANG_WARN_ENUM_CONVERSION = YES;
				CLANG_WARN_INFINITE_RECURSION = YES;
				CLANG_WARN_INT_CONVERSION = YES;
				CLANG_WARN_OBJC_ROOT_CLASS = YES_ERROR;
				CLANG_WARN_SUSPICIOUS_MOVE = YES;
				CLANG_WARN_UNREACHABLE_CODE = YES;
				CLANG_WARN__DUPLICATE_METHOD_MATCH = YES;
				"CODE_SIGN_IDENTITY[sdk=iphoneos*]" = "iPhone Developer";
				COPY_PHASE_STRIP = NO;
				DEBUG_INFORMATION_FORMAT = dwarf;
				ENABLE_STRICT_OBJC_MSGSEND = YES;
				ENABLE_TESTABILITY = YES;
				GCC_C_LANGUAGE_STANDARD = gnu99;
				GCC_DYNAMIC_NO_PIC = NO;
				GCC_NO_COMMON_BLOCKS = YES;
				GCC_OPTIMIZATION_LEVEL = 0;
				GCC_PREPROCESSOR_DEFINITIONS = (
					"DEBUG=1",
					"$(inherited)",
				);
				GCC_WARN_64_TO_32_BIT_CONVERSION = YES;
				GCC_WARN_ABOUT_RETURN_TYPE = YES_ERROR;
				GCC_WARN_UNDECLARED_SELECTOR = YES;
				GCC_WARN_UNINITIALIZED_AUTOS = YES_AGGRESSIVE;
				GCC_WARN_UNUSED_FUNCTION = YES;
				GCC_WARN_UNUSED_VARIABLE = YES;
				IPHONEOS_DEPLOYMENT_TARGET = 10.0;
				MTL_ENABLE_DEBUG_INFO = YES;
				ONLY_ACTIVE_ARCH = YES;
				SDKROOT = iphoneos;
				SWIFT_ACTIVE_COMPILATION_CONDITIONS = DEBUG;
				SWIFT_OPTIMIZATION_LEVEL = "-Onone";
				TARGETED_DEVICE_FAMILY = "1,2";
			};
			name = Debug;
		};
		389C87AF1E6375F7009268B7 /* Release */ = {
			isa = XCBuildConfiguration;
			buildSettings = {
				ALWAYS_SEARCH_USER_PATHS = NO;
				CLANG_ANALYZER_NONNULL = YES;
				CLANG_CXX_LANGUAGE_STANDARD = "gnu++0x";
				CLANG_CXX_LIBRARY = "libc++";
				CLANG_ENABLE_MODULES = YES;
				CLANG_ENABLE_OBJC_ARC = YES;
				CLANG_WARN_BOOL_CONVERSION = YES;
				CLANG_WARN_CONSTANT_CONVERSION = YES;
				CLANG_WARN_DIRECT_OBJC_ISA_USAGE = YES_ERROR;
				CLANG_WARN_DOCUMENTATION_COMMENTS = YES;
				CLANG_WARN_EMPTY_BODY = YES;
				CLANG_WARN_ENUM_CONVERSION = YES;
				CLANG_WARN_INFINITE_RECURSION = YES;
				CLANG_WARN_INT_CONVERSION = YES;
				CLANG_WARN_OBJC_ROOT_CLASS = YES_ERROR;
				CLANG_WARN_SUSPICIOUS_MOVE = YES;
				CLANG_WARN_UNREACHABLE_CODE = YES;
				CLANG_WARN__DUPLICATE_METHOD_MATCH = YES;
				"CODE_SIGN_IDENTITY[sdk=iphoneos*]" = "iPhone Developer";
				COPY_PHASE_STRIP = NO;
				DEBUG_INFORMATION_FORMAT = "dwarf-with-dsym";
				ENABLE_NS_ASSERTIONS = NO;
				ENABLE_STRICT_OBJC_MSGSEND = YES;
				GCC_C_LANGUAGE_STANDARD = gnu99;
				GCC_NO_COMMON_BLOCKS = YES;
				GCC_WARN_64_TO_32_BIT_CONVERSION = YES;
				GCC_WARN_ABOUT_RETURN_TYPE = YES_ERROR;
				GCC_WARN_UNDECLARED_SELECTOR = YES;
				GCC_WARN_UNINITIALIZED_AUTOS = YES_AGGRESSIVE;
				GCC_WARN_UNUSED_FUNCTION = YES;
				GCC_WARN_UNUSED_VARIABLE = YES;
				IPHONEOS_DEPLOYMENT_TARGET = 10.0;
				MTL_ENABLE_DEBUG_INFO = NO;
				SDKROOT = iphoneos;
				SWIFT_OPTIMIZATION_LEVEL = "-Owholemodule";
				TARGETED_DEVICE_FAMILY = "1,2";
				VALIDATE_PRODUCT = YES;
			};
			name = Release;
		};
		389C87B11E6375F7009268B7 /* Debug */ = {
			isa = XCBuildConfiguration;
			baseConfigurationReference = FFDE376DB0F78B5D035DD6A2 /* Pods-Tanoura.debug.xcconfig */;
			buildSettings = {
				ALWAYS_EMBED_SWIFT_STANDARD_LIBRARIES = YES;
				ASSETCATALOG_COMPILER_APPICON_NAME = AppIcon;
				DEVELOPMENT_TEAM = 7CD55P55JM;
				INFOPLIST_FILE = Tanoura/Info.plist;
				LD_RUNPATH_SEARCH_PATHS = "$(inherited) @executable_path/Frameworks";
				PRODUCT_BUNDLE_IDENTIFIER = com.mo7amedelalfy.Tanoura;
				PRODUCT_NAME = "$(TARGET_NAME)";
				SWIFT_VERSION = 3.0;
			};
			name = Debug;
		};
		389C87B21E6375F7009268B7 /* Release */ = {
			isa = XCBuildConfiguration;
			baseConfigurationReference = 6D20EF47655F0C88AF9A52D3 /* Pods-Tanoura.release.xcconfig */;
			buildSettings = {
				ALWAYS_EMBED_SWIFT_STANDARD_LIBRARIES = YES;
				ASSETCATALOG_COMPILER_APPICON_NAME = AppIcon;
				DEVELOPMENT_TEAM = 7CD55P55JM;
				INFOPLIST_FILE = Tanoura/Info.plist;
				LD_RUNPATH_SEARCH_PATHS = "$(inherited) @executable_path/Frameworks";
				PRODUCT_BUNDLE_IDENTIFIER = com.mo7amedelalfy.Tanoura;
				PRODUCT_NAME = "$(TARGET_NAME)";
				SWIFT_VERSION = 3.0;
			};
			name = Release;
		};
		389C87B41E6375F7009268B7 /* Debug */ = {
			isa = XCBuildConfiguration;
			baseConfigurationReference = 5A917976E08D80C1AB0A9D4D /* Pods-TanouraTests.debug.xcconfig */;
			buildSettings = {
				ALWAYS_EMBED_SWIFT_STANDARD_LIBRARIES = YES;
				BUNDLE_LOADER = "$(TEST_HOST)";
				DEVELOPMENT_TEAM = 7CD55P55JM;
				INFOPLIST_FILE = TanouraTests/Info.plist;
				LD_RUNPATH_SEARCH_PATHS = "$(inherited) @executable_path/Frameworks @loader_path/Frameworks";
				PRODUCT_BUNDLE_IDENTIFIER = com.mo7amedelalfy.TanouraTests;
				PRODUCT_NAME = "$(TARGET_NAME)";
				SWIFT_VERSION = 3.0;
				TEST_HOST = "$(BUILT_PRODUCTS_DIR)/Tanoura.app/Tanoura";
			};
			name = Debug;
		};
		389C87B51E6375F7009268B7 /* Release */ = {
			isa = XCBuildConfiguration;
			baseConfigurationReference = 7E0094AEAD2A88BFD88A5C16 /* Pods-TanouraTests.release.xcconfig */;
			buildSettings = {
				ALWAYS_EMBED_SWIFT_STANDARD_LIBRARIES = YES;
				BUNDLE_LOADER = "$(TEST_HOST)";
				DEVELOPMENT_TEAM = 7CD55P55JM;
				INFOPLIST_FILE = TanouraTests/Info.plist;
				LD_RUNPATH_SEARCH_PATHS = "$(inherited) @executable_path/Frameworks @loader_path/Frameworks";
				PRODUCT_BUNDLE_IDENTIFIER = com.mo7amedelalfy.TanouraTests;
				PRODUCT_NAME = "$(TARGET_NAME)";
				SWIFT_VERSION = 3.0;
				TEST_HOST = "$(BUILT_PRODUCTS_DIR)/Tanoura.app/Tanoura";
			};
			name = Release;
		};
		389C87B71E6375F7009268B7 /* Debug */ = {
			isa = XCBuildConfiguration;
			baseConfigurationReference = C2ED35E2DD10E7A77E87738D /* Pods-TanouraUITests.debug.xcconfig */;
			buildSettings = {
				ALWAYS_EMBED_SWIFT_STANDARD_LIBRARIES = YES;
				DEVELOPMENT_TEAM = 7CD55P55JM;
				INFOPLIST_FILE = TanouraUITests/Info.plist;
				LD_RUNPATH_SEARCH_PATHS = "$(inherited) @executable_path/Frameworks @loader_path/Frameworks";
				PRODUCT_BUNDLE_IDENTIFIER = com.mo7amedelalfy.TanouraUITests;
				PRODUCT_NAME = "$(TARGET_NAME)";
				SWIFT_VERSION = 3.0;
				TEST_TARGET_NAME = Tanoura;
			};
			name = Debug;
		};
		389C87B81E6375F7009268B7 /* Release */ = {
			isa = XCBuildConfiguration;
			baseConfigurationReference = E969DCAF9A83CC324227E1EE /* Pods-TanouraUITests.release.xcconfig */;
			buildSettings = {
				ALWAYS_EMBED_SWIFT_STANDARD_LIBRARIES = YES;
				DEVELOPMENT_TEAM = 7CD55P55JM;
				INFOPLIST_FILE = TanouraUITests/Info.plist;
				LD_RUNPATH_SEARCH_PATHS = "$(inherited) @executable_path/Frameworks @loader_path/Frameworks";
				PRODUCT_BUNDLE_IDENTIFIER = com.mo7amedelalfy.TanouraUITests;
				PRODUCT_NAME = "$(TARGET_NAME)";
				SWIFT_VERSION = 3.0;
				TEST_TARGET_NAME = Tanoura;
			};
			name = Release;
		};
/* End XCBuildConfiguration section */

/* Begin XCConfigurationList section */
		389C87801E6375F7009268B7 /* Build configuration list for PBXProject "Tanoura" */ = {
			isa = XCConfigurationList;
			buildConfigurations = (
				389C87AE1E6375F7009268B7 /* Debug */,
				389C87AF1E6375F7009268B7 /* Release */,
			);
			defaultConfigurationIsVisible = 0;
			defaultConfigurationName = Release;
		};
		389C87B01E6375F7009268B7 /* Build configuration list for PBXNativeTarget "Tanoura" */ = {
			isa = XCConfigurationList;
			buildConfigurations = (
				389C87B11E6375F7009268B7 /* Debug */,
				389C87B21E6375F7009268B7 /* Release */,
			);
			defaultConfigurationIsVisible = 0;
			defaultConfigurationName = Release;
		};
		389C87B31E6375F7009268B7 /* Build configuration list for PBXNativeTarget "TanouraTests" */ = {
			isa = XCConfigurationList;
			buildConfigurations = (
				389C87B41E6375F7009268B7 /* Debug */,
				389C87B51E6375F7009268B7 /* Release */,
			);
			defaultConfigurationIsVisible = 0;
			defaultConfigurationName = Release;
		};
		389C87B61E6375F7009268B7 /* Build configuration list for PBXNativeTarget "TanouraUITests" */ = {
			isa = XCConfigurationList;
			buildConfigurations = (
				389C87B71E6375F7009268B7 /* Debug */,
				389C87B81E6375F7009268B7 /* Release */,
			);
			defaultConfigurationIsVisible = 0;
			defaultConfigurationName = Release;
		};
/* End XCConfigurationList section */

/* Begin XCVersionGroup section */
		389C878F1E6375F7009268B7 /* Tanoura.xcdatamodeld */ = {
			isa = XCVersionGroup;
			children = (
				389C87901E6375F7009268B7 /* Tanoura.xcdatamodel */,
			);
			currentVersion = 389C87901E6375F7009268B7 /* Tanoura.xcdatamodel */;
			path = Tanoura.xcdatamodeld;
			sourceTree = "<group>";
			versionGroupType = wrapper.xcdatamodel;
		};
/* End XCVersionGroup section */
	};
	rootObject = 389C877D1E6375F7009268B7 /* Project object */;
}
